
Microsoft Visual Studio Solution File, Format Version 12.00
# Visual Studio Version 17
VisualStudioVersion = 17.8.34511.84
MinimumVisualStudioVersion = 10.0.40219.1
Project("{9A19103F-16F7-4668-BE54-9A1E7A4F7556}") = "Vaccination.DataAccess", "DataAccess\Vaccination.DataAccess.csproj", "{940EA5C9-3DEA-44CC-90FE-4EEE7F4899AA}"
EndProject
Project("{9A19103F-16F7-4668-BE54-9A1E7A4F7556}") = "Vaccination.BussinessLogic", "BussinessLogic\Vaccination.BussinessLogic.csproj", "{A5C1E5F3-4473-4F5E-9F85-E3404271CE8B}"
EndProject
Project("{FAE04EC0-301F-11D3-BF4B-00C04F79EFBC}") = "Vaccination.API", "Vaccination.API\Vaccination.API.csproj", "{B57CEF0B-0340-4B19-AA9F-D855713D779C}"
EndProject
Global
	GlobalSection(SolutionConfigurationPlatforms) = preSolution
		Debug|Any CPU = Debug|Any CPU
		Release|Any CPU = Release|Any CPU
	EndGlobalSection
	GlobalSection(ProjectConfigurationPlatforms) = postSolution
		{940EA5C9-3DEA-44CC-90FE-4EEE7F4899AA}.Debug|Any CPU.ActiveCfg = Debug|Any CPU
		{940EA5C9-3DEA-44CC-90FE-4EEE7F4899AA}.Debug|Any CPU.Build.0 = Debug|Any CPU
		{940EA5C9-3DEA-44CC-90FE-4EEE7F4899AA}.Release|Any CPU.ActiveCfg = Release|Any CPU
		{940EA5C9-3DEA-44CC-90FE-4EEE7F4899AA}.Release|Any CPU.Build.0 = Release|Any CPU
		{A5C1E5F3-4473-4F5E-9F85-E3404271CE8B}.Debug|Any CPU.ActiveCfg = Debug|Any CPU
		{A5C1E5F3-4473-4F5E-9F85-E3404271CE8B}.Debug|Any CPU.Build.0 = Debug|Any CPU
		{A5C1E5F3-4473-4F5E-9F85-E3404271CE8B}.Release|Any CPU.ActiveCfg = Release|Any CPU
		{A5C1E5F3-4473-4F5E-9F85-E3404271CE8B}.Release|Any CPU.Build.0 = Release|Any CPU
		{B57CEF0B-0340-4B19-AA9F-D855713D779C}.Debug|Any CPU.ActiveCfg = Debug|Any CPU
		{B57CEF0B-0340-4B19-AA9F-D855713D779C}.Debug|Any CPU.Build.0 = Debug|Any CPU
		{B57CEF0B-0340-4B19-AA9F-D855713D779C}.Release|Any CPU.ActiveCfg = Release|Any CPU
		{B57CEF0B-0340-4B19-AA9F-D855713D779C}.Release|Any CPU.Build.0 = Release|Any CPU
	EndGlobalSection
	GlobalSection(SolutionProperties) = preSolution
		HideSolutionNode = FALSE
	EndGlobalSection
	GlobalSection(ExtensibilityGlobals) = postSolution
		SolutionGuid = {D10D8233-44AA-4040-8EC2-2500F808A3EF}
	EndGlobalSection
EndGlobal
